[root]
name = "bismit"
version = "0.0.1"
dependencies = [
 "bitflags 0.1.1 (registry+https://github.com/rust-lang/crates.io-index)",
 "microcosm 0.0.1 (git+https://github.com/cogciprocate/microcosm.git)",
 "time 0.1.19 (git+https://github.com/rust-lang/time.git)",
]

[[package]]
name = "bitflags"
version = "0.1.1"
source = "registry+https://github.com/rust-lang/crates.io-index"

[[package]]
name = "gcc"
version = "0.3.1"
source = "registry+https://github.com/rust-lang/crates.io-index"

[[package]]
name = "libc"
version = "0.1.2"
source = "registry+https://github.com/rust-lang/crates.io-index"

[[package]]
name = "microcosm"
version = "0.0.1"
source = "git+https://github.com/cogciprocate/microcosm.git#0f1e1f79a472174e3af4916eafd363ac65ad8bc4"

[[package]]
name = "time"
version = "0.1.19"
source = "git+https://github.com/rust-lang/time.git#36f32680ecba4ac75360de7f228349db1d0c384a"
dependencies = [
 "gcc 0.3.1 (registry+https://github.com/rust-lang/crates.io-index)",
 "libc 0.1.2 (registry+https://github.com/rust-lang/crates.io-index)",
]

