[root]
name = "bismit"
version = "0.0.1"
dependencies = [
 "bitflags 0.1.1 (registry+https://github.com/rust-lang/crates.io-index)",
 "microcosm 0.0.1 (git+https://github.com/cogciprocate/microcosm.git)",
 "time 0.1.22 (git+https://github.com/rust-lang/time.git)",
]

[[package]]
name = "bitflags"
version = "0.1.1"
source = "registry+https://github.com/rust-lang/crates.io-index"

[[package]]
name = "gcc"
version = "0.3.3"
source = "registry+https://github.com/rust-lang/crates.io-index"

[[package]]
name = "libc"
version = "0.1.4"
source = "registry+https://github.com/rust-lang/crates.io-index"

[[package]]
name = "microcosm"
version = "0.0.1"
source = "git+https://github.com/cogciprocate/microcosm.git#0f1e1f79a472174e3af4916eafd363ac65ad8bc4"

[[package]]
name = "time"
version = "0.1.22"
source = "git+https://github.com/rust-lang/time.git#b8f1b771556a4ecb072849c7938a1376233e1a07"
dependencies = [
 "gcc 0.3.3 (registry+https://github.com/rust-lang/crates.io-index)",
 "libc 0.1.4 (registry+https://github.com/rust-lang/crates.io-index)",
]

